
Microsoft Visual Studio Solution File, Format Version 12.00
# Visual Studio Version 16
VisualStudioVersion = 16.0.31515.178
MinimumVisualStudioVersion = 10.0.40219.1
Project("{FAE04EC0-301F-11D3-BF4B-00C04F79EFBC}") = "BuyProduct", "BuyProduct.csproj", "{D835455C-5BE6-4133-8061-C40848B6002E}"
EndProject
Global
	GlobalSection(SolutionConfigurationPlatforms) = preSolution
		Debug|Any CPU = Debug|Any CPU
		Release|Any CPU = Release|Any CPU
	EndGlobalSection
	GlobalSection(ProjectConfigurationPlatforms) = postSolution
		{D835455C-5BE6-4133-8061-C40848B6002E}.Debug|Any CPU.ActiveCfg = Debug|Any CPU
		{D835455C-5BE6-4133-8061-C40848B6002E}.Debug|Any CPU.Build.0 = Debug|Any CPU
		{D835455C-5BE6-4133-8061-C40848B6002E}.Release|Any CPU.ActiveCfg = Release|Any CPU
		{D835455C-5BE6-4133-8061-C40848B6002E}.Release|Any CPU.Build.0 = Release|Any CPU
	EndGlobalSection
	GlobalSection(SolutionProperties) = preSolution
		HideSolutionNode = FALSE
	EndGlobalSection
	GlobalSection(ExtensibilityGlobals) = postSolution
		SolutionGuid = {893EF48E-A102-402D-B8CB-E7959B7E842D}
	EndGlobalSection
EndGlobal
